// !$*UTF8*$!
{
	archiveVersion = 1;
	classes = {
	};
	objectVersion = 55;
	objects = {

/* Begin PBXBuildFile section */
		DED7D93F27DBC20900E397D8 /* AppDelegate.swift in Sources */ = {isa = PBXBuildFile; fileRef = DED7D93E27DBC20900E397D8 /* AppDelegate.swift */; };
		DED7D94127DBC20900E397D8 /* SceneDelegate.swift in Sources */ = {isa = PBXBuildFile; fileRef = DED7D94027DBC20900E397D8 /* SceneDelegate.swift */; };
		DED7D94327DBC20900E397D8 /* LoginViewController.swift in Sources */ = {isa = PBXBuildFile; fileRef = DED7D94227DBC20900E397D8 /* LoginViewController.swift */; };
		DED7D94627DBC20900E397D8 /* Main.storyboard in Resources */ = {isa = PBXBuildFile; fileRef = DED7D94427DBC20900E397D8 /* Main.storyboard */; };
		DED7D94827DBC20A00E397D8 /* Assets.xcassets in Resources */ = {isa = PBXBuildFile; fileRef = DED7D94727DBC20A00E397D8 /* Assets.xcassets */; };
		DED7D94B27DBC20A00E397D8 /* LaunchScreen.storyboard in Resources */ = {isa = PBXBuildFile; fileRef = DED7D94927DBC20A00E397D8 /* LaunchScreen.storyboard */; };
		DED7D95327DBC59D00E397D8 /* WelcomeViewController.swift in Sources */ = {isa = PBXBuildFile; fileRef = DED7D95227DBC59D00E397D8 /* WelcomeViewController.swift */; };
		DED7D95527DBC71700E397D8 /* PersonalInfoViewController.swift in Sources */ = {isa = PBXBuildFile; fileRef = DED7D95427DBC71700E397D8 /* PersonalInfoViewController.swift */; };
		DED7D95727DBC86500E397D8 /* PhotoViewController.swift in Sources */ = {isa = PBXBuildFile; fileRef = DED7D95627DBC86500E397D8 /* PhotoViewController.swift */; };
		DED7D95B27DBCA7500E397D8 /* User.swift in Sources */ = {isa = PBXBuildFile; fileRef = DED7D95A27DBCA7500E397D8 /* User.swift */; };
/* End PBXBuildFile section */

/* Begin PBXFileReference section */
		DED7D93B27DBC20900E397D8 /* LogInApp.app */ = {isa = PBXFileReference; explicitFileType = wrapper.application; includeInIndex = 0; path = LogInApp.app; sourceTree = BUILT_PRODUCTS_DIR; };
		DED7D93E27DBC20900E397D8 /* AppDelegate.swift */ = {isa = PBXFileReference; lastKnownFileType = sourcecode.swift; path = AppDelegate.swift; sourceTree = "<group>"; };
		DED7D94027DBC20900E397D8 /* SceneDelegate.swift */ = {isa = PBXFileReference; lastKnownFileType = sourcecode.swift; path = SceneDelegate.swift; sourceTree = "<group>"; };
		DED7D94227DBC20900E397D8 /* LoginViewController.swift */ = {isa = PBXFileReference; lastKnownFileType = sourcecode.swift; path = LoginViewController.swift; sourceTree = "<group>"; };
		DED7D94527DBC20900E397D8 /* Base */ = {isa = PBXFileReference; lastKnownFileType = file.storyboard; name = Base; path = Base.lproj/Main.storyboard; sourceTree = "<group>"; };
		DED7D94727DBC20A00E397D8 /* Assets.xcassets */ = {isa = PBXFileReference; lastKnownFileType = folder.assetcatalog; path = Assets.xcassets; sourceTree = "<group>"; };
		DED7D94A27DBC20A00E397D8 /* Base */ = {isa = PBXFileReference; lastKnownFileType = file.storyboard; name = Base; path = Base.lproj/LaunchScreen.storyboard; sourceTree = "<group>"; };
		DED7D94C27DBC20A00E397D8 /* Info.plist */ = {isa = PBXFileReference; lastKnownFileType = text.plist.xml; path = Info.plist; sourceTree = "<group>"; };
		DED7D95227DBC59D00E397D8 /* WelcomeViewController.swift */ = {isa = PBXFileReference; lastKnownFileType = sourcecode.swift; path = WelcomeViewController.swift; sourceTree = "<group>"; };
		DED7D95427DBC71700E397D8 /* PersonalInfoViewController.swift */ = {isa = PBXFileReference; lastKnownFileType = sourcecode.swift; path = PersonalInfoViewController.swift; sourceTree = "<group>"; };
		DED7D95627DBC86500E397D8 /* PhotoViewController.swift */ = {isa = PBXFileReference; lastKnownFileType = sourcecode.swift; path = PhotoViewController.swift; sourceTree = "<group>"; };
		DED7D95A27DBCA7500E397D8 /* User.swift */ = {isa = PBXFileReference; lastKnownFileType = sourcecode.swift; path = User.swift; sourceTree = "<group>"; };
/* End PBXFileReference section */

/* Begin PBXFrameworksBuildPhase section */
		DED7D93827DBC20900E397D8 /* Frameworks */ = {
			isa = PBXFrameworksBuildPhase;
			buildActionMask = 2147483647;
			files = (
			);
			runOnlyForDeploymentPostprocessing = 0;
		};
/* End PBXFrameworksBuildPhase section */

/* Begin PBXGroup section */
		DED7D93227DBC20900E397D8 = {
			isa = PBXGroup;
			children = (
				DED7D93D27DBC20900E397D8 /* LogInApp */,
				DED7D93C27DBC20900E397D8 /* Products */,
			);
			sourceTree = "<group>";
		};
		DED7D93C27DBC20900E397D8 /* Products */ = {
			isa = PBXGroup;
			children = (
				DED7D93B27DBC20900E397D8 /* LogInApp.app */,
			);
			name = Products;
			sourceTree = "<group>";
		};
		DED7D93D27DBC20900E397D8 /* LogInApp */ = {
			isa = PBXGroup;
			children = (
				DED7D95927DBC89400E397D8 /* Storyboards */,
				DED7D95827DBC87000E397D8 /* ViewControllers */,
				DED7D95A27DBCA7500E397D8 /* User.swift */,
				DED7D93E27DBC20900E397D8 /* AppDelegate.swift */,
				DED7D94027DBC20900E397D8 /* SceneDelegate.swift */,
				DED7D94727DBC20A00E397D8 /* Assets.xcassets */,
				DED7D94C27DBC20A00E397D8 /* Info.plist */,
			);
			path = LogInApp;
			sourceTree = "<group>";
		};
		DED7D95827DBC87000E397D8 /* ViewControllers */ = {
			isa = PBXGroup;
			children = (
				DED7D94227DBC20900E397D8 /* LoginViewController.swift */,
				DED7D95227DBC59D00E397D8 /* WelcomeViewController.swift */,
				DED7D95427DBC71700E397D8 /* PersonalInfoViewController.swift */,
				DED7D95627DBC86500E397D8 /* PhotoViewController.swift */,
			);
			path = ViewControllers;
			sourceTree = "<group>";
		};
		DED7D95927DBC89400E397D8 /* Storyboards */ = {
			isa = PBXGroup;
			children = (
				DED7D94427DBC20900E397D8 /* Main.storyboard */,
				DED7D94927DBC20A00E397D8 /* LaunchScreen.storyboard */,
			);
			path = Storyboards;
			sourceTree = "<group>";
		};
/* End PBXGroup section */

/* Begin PBXNativeTarget section */
		DED7D93A27DBC20900E397D8 /* LogInApp */ = {
			isa = PBXNativeTarget;
			buildConfigurationList = DED7D94F27DBC20A00E397D8 /* Build configuration list for PBXNativeTarget "LogInApp" */;
			buildPhases = (
				DED7D93727DBC20900E397D8 /* Sources */,
				DED7D93827DBC20900E397D8 /* Frameworks */,
				DED7D93927DBC20900E397D8 /* Resources */,
			);
			buildRules = (
			);
			dependencies = (
			);
			name = LogInApp;
			productName = LogInApp;
			productReference = DED7D93B27DBC20900E397D8 /* LogInApp.app */;
			productType = "com.apple.product-type.application";
		};
/* End PBXNativeTarget section */

/* Begin PBXProject section */
		DED7D93327DBC20900E397D8 /* Project object */ = {
			isa = PBXProject;
			attributes = {
				BuildIndependentTargetsInParallel = 1;
				LastSwiftUpdateCheck = 1320;
				LastUpgradeCheck = 1320;
				TargetAttributes = {
					DED7D93A27DBC20900E397D8 = {
						CreatedOnToolsVersion = 13.2.1;
					};
				};
			};
			buildConfigurationList = DED7D93627DBC20900E397D8 /* Build configuration list for PBXProject "LogInApp" */;
			compatibilityVersion = "Xcode 13.0";
			developmentRegion = en;
			hasScannedForEncodings = 0;
			knownRegions = (
				en,
				Base,
			);
			mainGroup = DED7D93227DBC20900E397D8;
			productRefGroup = DED7D93C27DBC20900E397D8 /* Products */;
			projectDirPath = "";
			projectRoot = "";
			targets = (
				DED7D93A27DBC20900E397D8 /* LogInApp */,
			);
		};
/* End PBXProject section */

/* Begin PBXResourcesBuildPhase section */
		DED7D93927DBC20900E397D8 /* Resources */ = {
			isa = PBXResourcesBuildPhase;
			buildActionMask = 2147483647;
			files = (
				DED7D94B27DBC20A00E397D8 /* LaunchScreen.storyboard in Resources */,
				DED7D94827DBC20A00E397D8 /* Assets.xcassets in Resources */,
				DED7D94627DBC20900E397D8 /* Main.storyboard in Resources */,
			);
			runOnlyForDeploymentPostprocessing = 0;
		};
/* End PBXResourcesBuildPhase section */

/* Begin PBXSourcesBuildPhase section */
		DED7D93727DBC20900E397D8 /* Sources */ = {
			isa = PBXSourcesBuildPhase;
			buildActionMask = 2147483647;
			files = (
				DED7D94327DBC20900E397D8 /* LoginViewController.swift in Sources */,
				DED7D95327DBC59D00E397D8 /* WelcomeViewController.swift in Sources */,
				DED7D95B27DBCA7500E397D8 /* User.swift in Sources */,
				DED7D95527DBC71700E397D8 /* PersonalInfoViewController.swift in Sources */,
				DED7D93F27DBC20900E397D8 /* AppDelegate.swift in Sources */,
				DED7D94127DBC20900E397D8 /* SceneDelegate.swift in Sources */,
				DED7D95727DBC86500E397D8 /* PhotoViewController.swift in Sources */,
			);
			runOnlyForDeploymentPostprocessing = 0;
		};
/* End PBXSourcesBuildPhase section */

/* Begin PBXVariantGroup section */
		DED7D94427DBC20900E397D8 /* Main.storyboard */ = {
			isa = PBXVariantGroup;
			children = (
				DED7D94527DBC20900E397D8 /* Base */,
			);
			name = Main.storyboard;
			sourceTree = "<group>";
		};
		DED7D94927DBC20A00E397D8 /* LaunchScreen.storyboard */ = {
			isa = PBXVariantGroup;
			children = (
				DED7D94A27DBC20A00E397D8 /* Base */,
			);
			name = LaunchScreen.storyboard;
			sourceTree = "<group>";
		};
/* End PBXVariantGroup section */

/* Begin XCBuildConfiguration section */
		DED7D94D27DBC20A00E397D8 /* Debug */ = {
			isa = XCBuildConfiguration;
			buildSettings = {
				ALWAYS_SEARCH_USER_PATHS = NO;
				CLANG_ANALYZER_NONNULL = YES;
				CLANG_ANALYZER_NUMBER_OBJECT_CONVERSION = YES_AGGRESSIVE;
				CLANG_CXX_LANGUAGE_STANDARD = "gnu++17";
				CLANG_CXX_LIBRARY = "libc++";
				CLANG_ENABLE_MODULES = YES;
				CLANG_ENABLE_OBJC_ARC = YES;
				CLANG_ENABLE_OBJC_WEAK = YES;
				CLANG_WARN_BLOCK_CAPTURE_AUTORELEASING = YES;
				CLANG_WARN_BOOL_CONVERSION = YES;
				CLANG_WARN_COMMA = YES;
				CLANG_WARN_CONSTANT_CONVERSION = YES;
				CLANG_WARN_DEPRECATED_OBJC_IMPLEMENTATIONS = YES;
				CLANG_WARN_DIRECT_OBJC_ISA_USAGE = YES_ERROR;
				CLANG_WARN_DOCUMENTATION_COMMENTS = YES;
				CLANG_WARN_EMPTY_BODY = YES;
				CLANG_WARN_ENUM_CONVERSION = YES;
				CLANG_WARN_INFINITE_RECURSION = YES;
				CLANG_WARN_INT_CONVERSION = YES;
				CLANG_WARN_NON_LITERAL_NULL_CONVERSION = YES;
				CLANG_WARN_OBJC_IMPLICIT_RETAIN_SELF = YES;
				CLANG_WARN_OBJC_LITERAL_CONVERSION = YES;
				CLANG_WARN_OBJC_ROOT_CLASS = YES_ERROR;
				CLANG_WARN_QUOTED_INCLUDE_IN_FRAMEWORK_HEADER = YES;
				CLANG_WARN_RANGE_LOOP_ANALYSIS = YES;
				CLANG_WARN_STRICT_PROTOTYPES = YES;
				CLANG_WARN_SUSPICIOUS_MOVE = YES;
				CLANG_WARN_UNGUARDED_AVAILABILITY = YES_AGGRESSIVE;
				CLANG_WARN_UNREACHABLE_CODE = YES;
				CLANG_WARN__DUPLICATE_METHOD_MATCH = YES;
				COPY_PHASE_STRIP = NO;
				DEBUG_INFORMATION_FORMAT = dwarf;
				ENABLE_STRICT_OBJC_MSGSEND = YES;
				ENABLE_TESTABILITY = YES;
				GCC_C_LANGUAGE_STANDARD = gnu11;
				GCC_DYNAMIC_NO_PIC = NO;
				GCC_NO_COMMON_BLOCKS = YES;
				GCC_OPTIMIZATION_LEVEL = 0;
				GCC_PREPROCESSOR_DEFINITIONS = (
					"DEBUG=1",
					"$(inherited)",
				);
				GCC_WARN_64_TO_32_BIT_CONVERSION = YES;
				GCC_WARN_ABOUT_RETURN_TYPE = YES_ERROR;
				GCC_WARN_UNDECLARED_SELECTOR = YES;
				GCC_WARN_UNINITIALIZED_AUTOS = YES_AGGRESSIVE;
				GCC_WARN_UNUSED_FUNCTION = YES;
				GCC_WARN_UNUSED_VARIABLE = YES;
				IPHONEOS_DEPLOYMENT_TARGET = 15.2;
				MTL_ENABLE_DEBUG_INFO = INCLUDE_SOURCE;
				MTL_FAST_MATH = YES;
				ONLY_ACTIVE_ARCH = YES;
				SDKROOT = iphoneos;
				SWIFT_ACTIVE_COMPILATION_CONDITIONS = DEBUG;
				SWIFT_OPTIMIZATION_LEVEL = "-Onone";
			};
			name = Debug;
		};
		DED7D94E27DBC20A00E397D8 /* Release */ = {
			isa = XCBuildConfiguration;
			buildSettings = {
				ALWAYS_SEARCH_USER_PATHS = NO;
				CLANG_ANALYZER_NONNULL = YES;
				CLANG_ANALYZER_NUMBER_OBJECT_CONVERSION = YES_AGGRESSIVE;
				CLANG_CXX_LANGUAGE_STANDARD = "gnu++17";
				CLANG_CXX_LIBRARY = "libc++";
				CLANG_ENABLE_MODULES = YES;
				CLANG_ENABLE_OBJC_ARC = YES;
				CLANG_ENABLE_OBJC_WEAK = YES;
				CLANG_WARN_BLOCK_CAPTURE_AUTORELEASING = YES;
				CLANG_WARN_BOOL_CONVERSION = YES;
				CLANG_WARN_COMMA = YES;
				CLANG_WARN_CONSTANT_CONVERSION = YES;
				CLANG_WARN_DEPRECATED_OBJC_IMPLEMENTATIONS = YES;
				CLANG_WARN_DIRECT_OBJC_ISA_USAGE = YES_ERROR;
				CLANG_WARN_DOCUMENTATION_COMMENTS = YES;
				CLANG_WARN_EMPTY_BODY = YES;
				CLANG_WARN_ENUM_CONVERSION = YES;
				CLANG_WARN_INFINITE_RECURSION = YES;
				CLANG_WARN_INT_CONVERSION = YES;
				CLANG_WARN_NON_LITERAL_NULL_CONVERSION = YES;
				CLANG_WARN_OBJC_IMPLICIT_RETAIN_SELF = YES;
				CLANG_WARN_OBJC_LITERAL_CONVERSION = YES;
				CLANG_WARN_OBJC_ROOT_CLASS = YES_ERROR;
				CLANG_WARN_QUOTED_INCLUDE_IN_FRAMEWORK_HEADER = YES;
				CLANG_WARN_RANGE_LOOP_ANALYSIS = YES;
				CLANG_WARN_STRICT_PROTOTYPES = YES;
				CLANG_WARN_SUSPICIOUS_MOVE = YES;
				CLANG_WARN_UNGUARDED_AVAILABILITY = YES_AGGRESSIVE;
				CLANG_WARN_UNREACHABLE_CODE = YES;
				CLANG_WARN__DUPLICATE_METHOD_MATCH = YES;
				COPY_PHASE_STRIP = NO;
				DEBUG_INFORMATION_FORMAT = "dwarf-with-dsym";
				ENABLE_NS_ASSERTIONS = NO;
				ENABLE_STRICT_OBJC_MSGSEND = YES;
				GCC_C_LANGUAGE_STANDARD = gnu11;
				GCC_NO_COMMON_BLOCKS = YES;
				GCC_WARN_64_TO_32_BIT_CONVERSION = YES;
				GCC_WARN_ABOUT_RETURN_TYPE = YES_ERROR;
				GCC_WARN_UNDECLARED_SELECTOR = YES;
				GCC_WARN_UNINITIALIZED_AUTOS = YES_AGGRESSIVE;
				GCC_WARN_UNUSED_FUNCTION = YES;
				GCC_WARN_UNUSED_VARIABLE = YES;
				IPHONEOS_DEPLOYMENT_TARGET = 15.2;
				MTL_ENABLE_DEBUG_INFO = NO;
				MTL_FAST_MATH = YES;
				SDKROOT = iphoneos;
				SWIFT_COMPILATION_MODE = wholemodule;
				SWIFT_OPTIMIZATION_LEVEL = "-O";
				VALIDATE_PRODUCT = YES;
			};
			name = Release;
		};
		DED7D95027DBC20A00E397D8 /* Debug */ = {
			isa = XCBuildConfiguration;
			buildSettings = {
				ASSETCATALOG_COMPILER_APPICON_NAME = AppIcon;
				ASSETCATALOG_COMPILER_GLOBAL_ACCENT_COLOR_NAME = AccentColor;
				CODE_SIGN_STYLE = Automatic;
				CURRENT_PROJECT_VERSION = 1;
				DEVELOPMENT_TEAM = FQR6Z6TTBT;
				GENERATE_INFOPLIST_FILE = YES;
				INFOPLIST_FILE = LogInApp/Info.plist;
				INFOPLIST_KEY_UIApplicationSupportsIndirectInputEvents = YES;
				INFOPLIST_KEY_UILaunchStoryboardName = LaunchScreen;
				INFOPLIST_KEY_UIMainStoryboardFile = Main;
				INFOPLIST_KEY_UISupportedInterfaceOrientations = UIInterfaceOrientationPortrait;
				INFOPLIST_KEY_UISupportedInterfaceOrientations_iPad = "UIInterfaceOrientationPortrait UIInterfaceOrientationPortraitUpsideDown UIInterfaceOrientationLandscapeLeft UIInterfaceOrientationLandscapeRight";
				INFOPLIST_KEY_UISupportedInterfaceOrientations_iPhone = "UIInterfaceOrientationPortrait UIInterfaceOrientationLandscapeLeft UIInterfaceOrientationLandscapeRight";
				LD_RUNPATH_SEARCH_PATHS = (
					"$(inherited)",
					"@executable_path/Frameworks",
				);
				MARKETING_VERSION = 1.0;
				PRODUCT_BUNDLE_IDENTIFIER = ru.StGeAr.LogInApp;
				PRODUCT_NAME = "$(TARGET_NAME)";
				SWIFT_EMIT_LOC_STRINGS = YES;
				SWIFT_VERSION = 5.0;
				TARGETED_DEVICE_FAMILY = 1;
			};
			name = Debug;
		};
		DED7D95127DBC20A00E397D8 /* Release */ = {
			isa = XCBuildConfiguration;
			buildSettings = {
				ASSETCATALOG_COMPILER_APPICON_NAME = AppIcon;
				ASSETCATALOG_COMPILER_GLOBAL_ACCENT_COLOR_NAME = AccentColor;
				CODE_SIGN_STYLE = Automatic;
				CURRENT_PROJECT_VERSION = 1;
				DEVELOPMENT_TEAM = FQR6Z6TTBT;
				GENERATE_INFOPLIST_FILE = YES;
				INFOPLIST_FILE = LogInApp/Info.plist;
				INFOPLIST_KEY_UIApplicationSupportsIndirectInputEvents = YES;
				INFOPLIST_KEY_UILaunchStoryboardName = LaunchScreen;
				INFOPLIST_KEY_UIMainStoryboardFile = Main;
				INFOPLIST_KEY_UISupportedInterfaceOrientations = UIInterfaceOrientationPortrait;
				INFOPLIST_KEY_UISupportedInterfaceOrientations_iPad = "UIInterfaceOrientationPortrait UIInterfaceOrientationPortraitUpsideDown UIInterfaceOrientationLandscapeLeft UIInterfaceOrientationLandscapeRight";
				INFOPLIST_KEY_UISupportedInterfaceOrientations_iPhone = "UIInterfaceOrientationPortrait UIInterfaceOrientationLandscapeLeft UIInterfaceOrientationLandscapeRight";
				LD_RUNPATH_SEARCH_PATHS = (
					"$(inherited)",
					"@executable_path/Frameworks",
				);
				MARKETING_VERSION = 1.0;
				PRODUCT_BUNDLE_IDENTIFIER = ru.StGeAr.LogInApp;
				PRODUCT_NAME = "$(TARGET_NAME)";
				SWIFT_EMIT_LOC_STRINGS = YES;
				SWIFT_VERSION = 5.0;
				TARGETED_DEVICE_FAMILY = 1;
			};
			name = Release;
		};
/* End XCBuildConfiguration section */

/* Begin XCConfigurationList section */
		DED7D93627DBC20900E397D8 /* Build configuration list for PBXProject "LogInApp" */ = {
			isa = XCConfigurationList;
			buildConfigurations = (
				DED7D94D27DBC20A00E397D8 /* Debug */,
				DED7D94E27DBC20A00E397D8 /* Release */,
			);
			defaultConfigurationIsVisible = 0;
			defaultConfigurationName = Release;
		};
		DED7D94F27DBC20A00E397D8 /* Build configuration list for PBXNativeTarget "LogInApp" */ = {
			isa = XCConfigurationList;
			buildConfigurations = (
				DED7D95027DBC20A00E397D8 /* Debug */,
				DED7D95127DBC20A00E397D8 /* Release */,
			);
			defaultConfigurationIsVisible = 0;
			defaultConfigurationName = Release;
		};
/* End XCConfigurationList section */
	};
	rootObject = DED7D93327DBC20900E397D8 /* Project object */;
}
